// !$*UTF8*$!
{
	archiveVersion = 1;
	classes = {
	};
	objectVersion = 50;
	objects = {

/* Begin PBXBuildFile section */
		2E280DB822149D44008F2D26 /* AppDelegate.m in Sources */ = {isa = PBXBuildFile; fileRef = 2E280DB722149D44008F2D26 /* AppDelegate.m */; };
		2E280DBE22149D44008F2D26 /* Main.storyboard in Resources */ = {isa = PBXBuildFile; fileRef = 2E280DBC22149D44008F2D26 /* Main.storyboard */; };
		2E280DC022149D45008F2D26 /* Assets.xcassets in Resources */ = {isa = PBXBuildFile; fileRef = 2E280DBF22149D45008F2D26 /* Assets.xcassets */; };
		2E280DC322149D45008F2D26 /* LaunchScreen.storyboard in Resources */ = {isa = PBXBuildFile; fileRef = 2E280DC122149D45008F2D26 /* LaunchScreen.storyboard */; };
		2E280DC622149D45008F2D26 /* main.m in Sources */ = {isa = PBXBuildFile; fileRef = 2E280DC522149D45008F2D26 /* main.m */; };
		2E280DD422149DC9008F2D26 /* DSTPost.m in Sources */ = {isa = PBXBuildFile; fileRef = 2E280DD322149DC9008F2D26 /* DSTPost.m */; };
		2E280DD72214A674008F2D26 /* DSTPostController.m in Sources */ = {isa = PBXBuildFile; fileRef = 2E280DD62214A674008F2D26 /* DSTPostController.m */; };
		2E280DE02214B991008F2D26 /* PostListTableViewController.swift in Sources */ = {isa = PBXBuildFile; fileRef = 2E280DDF2214B991008F2D26 /* PostListTableViewController.swift */; };
		2E280DE22214BB0C008F2D26 /* PostTableViewCell.swift in Sources */ = {isa = PBXBuildFile; fileRef = 2E280DE12214BB0C008F2D26 /* PostTableViewCell.swift */; };
/* End PBXBuildFile section */

/* Begin PBXFileReference section */
		2E280DB322149D44008F2D26 /* ObjC.app */ = {isa = PBXFileReference; explicitFileType = wrapper.application; includeInIndex = 0; path = ObjC.app; sourceTree = BUILT_PRODUCTS_DIR; };
		2E280DB622149D44008F2D26 /* AppDelegate.h */ = {isa = PBXFileReference; lastKnownFileType = sourcecode.c.h; path = AppDelegate.h; sourceTree = "<group>"; };
		2E280DB722149D44008F2D26 /* AppDelegate.m */ = {isa = PBXFileReference; lastKnownFileType = sourcecode.c.objc; path = AppDelegate.m; sourceTree = "<group>"; };
		2E280DBD22149D44008F2D26 /* Base */ = {isa = PBXFileReference; lastKnownFileType = file.storyboard; name = Base; path = Base.lproj/Main.storyboard; sourceTree = "<group>"; };
		2E280DBF22149D45008F2D26 /* Assets.xcassets */ = {isa = PBXFileReference; lastKnownFileType = folder.assetcatalog; path = Assets.xcassets; sourceTree = "<group>"; };
		2E280DC222149D45008F2D26 /* Base */ = {isa = PBXFileReference; lastKnownFileType = file.storyboard; name = Base; path = Base.lproj/LaunchScreen.storyboard; sourceTree = "<group>"; };
		2E280DC422149D45008F2D26 /* Info.plist */ = {isa = PBXFileReference; lastKnownFileType = text.plist.xml; path = Info.plist; sourceTree = "<group>"; };
		2E280DC522149D45008F2D26 /* main.m */ = {isa = PBXFileReference; lastKnownFileType = sourcecode.c.objc; path = main.m; sourceTree = "<group>"; };
		2E280DD222149DC9008F2D26 /* DSTPost.h */ = {isa = PBXFileReference; lastKnownFileType = sourcecode.c.h; path = DSTPost.h; sourceTree = "<group>"; };
		2E280DD322149DC9008F2D26 /* DSTPost.m */ = {isa = PBXFileReference; lastKnownFileType = sourcecode.c.objc; path = DSTPost.m; sourceTree = "<group>"; };
		2E280DD52214A674008F2D26 /* DSTPostController.h */ = {isa = PBXFileReference; lastKnownFileType = sourcecode.c.h; path = DSTPostController.h; sourceTree = "<group>"; };
		2E280DD62214A674008F2D26 /* DSTPostController.m */ = {isa = PBXFileReference; lastKnownFileType = sourcecode.c.objc; path = DSTPostController.m; sourceTree = "<group>"; };
		2E280DDE2214B991008F2D26 /* ObjC-Bridging-Header.h */ = {isa = PBXFileReference; lastKnownFileType = sourcecode.c.h; path = "ObjC-Bridging-Header.h"; sourceTree = "<group>"; };
		2E280DDF2214B991008F2D26 /* PostListTableViewController.swift */ = {isa = PBXFileReference; lastKnownFileType = sourcecode.swift; path = PostListTableViewController.swift; sourceTree = "<group>"; };
		2E280DE12214BB0C008F2D26 /* PostTableViewCell.swift */ = {isa = PBXFileReference; lastKnownFileType = sourcecode.swift; path = PostTableViewCell.swift; sourceTree = "<group>"; };
/* End PBXFileReference section */

/* Begin PBXFrameworksBuildPhase section */
		2E280DB022149D44008F2D26 /* Frameworks */ = {
			isa = PBXFrameworksBuildPhase;
			buildActionMask = 2147483647;
			files = (
			);
			runOnlyForDeploymentPostprocessing = 0;
		};
/* End PBXFrameworksBuildPhase section */

/* Begin PBXGroup section */
		2E280DAA22149D44008F2D26 = {
			isa = PBXGroup;
			children = (
				2E280DB522149D44008F2D26 /* ObjC */,
				2E280DB422149D44008F2D26 /* Products */,
			);
			sourceTree = "<group>";
		};
		2E280DB422149D44008F2D26 /* Products */ = {
			isa = PBXGroup;
			children = (
				2E280DB322149D44008F2D26 /* ObjC.app */,
			);
			name = Products;
			sourceTree = "<group>";
		};
		2E280DB522149D44008F2D26 /* ObjC */ = {
			isa = PBXGroup;
			children = (
				2E280DB622149D44008F2D26 /* AppDelegate.h */,
				2E280DB722149D44008F2D26 /* AppDelegate.m */,
				2E280DD122149DA0008F2D26 /* Controllers */,
				2E280DCE22149D8A008F2D26 /* Model */,
				2E280DCD22149D5F008F2D26 /* Storyboards */,
				2E280DCC22149D51008F2D26 /* Resources */,
			);
			path = ObjC;
			sourceTree = "<group>";
		};
		2E280DCC22149D51008F2D26 /* Resources */ = {
			isa = PBXGroup;
			children = (
				2E280DBF22149D45008F2D26 /* Assets.xcassets */,
				2E280DC422149D45008F2D26 /* Info.plist */,
				2E280DC522149D45008F2D26 /* main.m */,
			);
			path = Resources;
			sourceTree = "<group>";
		};
		2E280DCD22149D5F008F2D26 /* Storyboards */ = {
			isa = PBXGroup;
			children = (
				2E280DBC22149D44008F2D26 /* Main.storyboard */,
				2E280DC122149D45008F2D26 /* LaunchScreen.storyboard */,
			);
			path = Storyboards;
			sourceTree = "<group>";
		};
		2E280DCE22149D8A008F2D26 /* Model */ = {
			isa = PBXGroup;
			children = (
				2E280DD222149DC9008F2D26 /* DSTPost.h */,
				2E280DD322149DC9008F2D26 /* DSTPost.m */,
			);
			path = Model;
			sourceTree = "<group>";
		};
		2E280DCF22149D91008F2D26 /* Model Controller */ = {
			isa = PBXGroup;
			children = (
				2E280DD52214A674008F2D26 /* DSTPostController.h */,
				2E280DD62214A674008F2D26 /* DSTPostController.m */,
			);
			path = "Model Controller";
			sourceTree = "<group>";
		};
		2E280DD022149D98008F2D26 /* View Controller */ = {
			isa = PBXGroup;
			children = (
				2E280DDE2214B991008F2D26 /* ObjC-Bridging-Header.h */,
				2E280DDF2214B991008F2D26 /* PostListTableViewController.swift */,
				2E280DE12214BB0C008F2D26 /* PostTableViewCell.swift */,
			);
			path = "View Controller";
			sourceTree = "<group>";
		};
		2E280DD122149DA0008F2D26 /* Controllers */ = {
			isa = PBXGroup;
			children = (
				2E280DD022149D98008F2D26 /* View Controller */,
				2E280DCF22149D91008F2D26 /* Model Controller */,
			);
			path = Controllers;
			sourceTree = "<group>";
		};
/* End PBXGroup section */

/* Begin PBXNativeTarget section */
		2E280DB222149D44008F2D26 /* ObjC */ = {
			isa = PBXNativeTarget;
			buildConfigurationList = 2E280DC922149D45008F2D26 /* Build configuration list for PBXNativeTarget "ObjC" */;
			buildPhases = (
				2E280DAF22149D44008F2D26 /* Sources */,
				2E280DB022149D44008F2D26 /* Frameworks */,
				2E280DB122149D44008F2D26 /* Resources */,
			);
			buildRules = (
			);
			dependencies = (
			);
			name = ObjC;
			productName = ObjC;
			productReference = 2E280DB322149D44008F2D26 /* ObjC.app */;
			productType = "com.apple.product-type.application";
		};
/* End PBXNativeTarget section */

/* Begin PBXProject section */
		2E280DAB22149D44008F2D26 /* Project object */ = {
			isa = PBXProject;
			attributes = {
				LastUpgradeCheck = 1010;
				ORGANIZATIONNAME = "Deniz Tutuncu";
				TargetAttributes = {
					2E280DB222149D44008F2D26 = {
						CreatedOnToolsVersion = 10.1;
						LastSwiftMigration = 1010;
					};
				};
			};
			buildConfigurationList = 2E280DAE22149D44008F2D26 /* Build configuration list for PBXProject "ObjC" */;
			compatibilityVersion = "Xcode 9.3";
			developmentRegion = en;
			hasScannedForEncodings = 0;
			knownRegions = (
				en,
				Base,
			);
			mainGroup = 2E280DAA22149D44008F2D26;
			productRefGroup = 2E280DB422149D44008F2D26 /* Products */;
			projectDirPath = "";
			projectRoot = "";
			targets = (
				2E280DB222149D44008F2D26 /* ObjC */,
			);
		};
/* End PBXProject section */

/* Begin PBXResourcesBuildPhase section */
		2E280DB122149D44008F2D26 /* Resources */ = {
			isa = PBXResourcesBuildPhase;
			buildActionMask = 2147483647;
			files = (
				2E280DC322149D45008F2D26 /* LaunchScreen.storyboard in Resources */,
				2E280DC022149D45008F2D26 /* Assets.xcassets in Resources */,
				2E280DBE22149D44008F2D26 /* Main.storyboard in Resources */,
			);
			runOnlyForDeploymentPostprocessing = 0;
		};
/* End PBXResourcesBuildPhase section */

/* Begin PBXSourcesBuildPhase section */
		2E280DAF22149D44008F2D26 /* Sources */ = {
			isa = PBXSourcesBuildPhase;
			buildActionMask = 2147483647;
			files = (
				2E280DD422149DC9008F2D26 /* DSTPost.m in Sources */,
				2E280DC622149D45008F2D26 /* main.m in Sources */,
				2E280DB822149D44008F2D26 /* AppDelegate.m in Sources */,
				2E280DE02214B991008F2D26 /* PostListTableViewController.swift in Sources */,
				2E280DD72214A674008F2D26 /* DSTPostController.m in Sources */,
				2E280DE22214BB0C008F2D26 /* PostTableViewCell.swift in Sources */,
			);
			runOnlyForDeploymentPostprocessing = 0;
		};
/* End PBXSourcesBuildPhase section */

/* Begin PBXVariantGroup section */
		2E280DBC22149D44008F2D26 /* Main.storyboard */ = {
			isa = PBXVariantGroup;
			children = (
				2E280DBD22149D44008F2D26 /* Base */,
			);
			name = Main.storyboard;
			sourceTree = "<group>";
		};
		2E280DC122149D45008F2D26 /* LaunchScreen.storyboard */ = {
			isa = PBXVariantGroup;
			children = (
				2E280DC222149D45008F2D26 /* Base */,
			);
			name = LaunchScreen.storyboard;
			sourceTree = "<group>";
		};
/* End PBXVariantGroup section */

/* Begin XCBuildConfiguration section */
		2E280DC722149D45008F2D26 /* Debug */ = {
			isa = XCBuildConfiguration;
			buildSettings = {
				ALWAYS_SEARCH_USER_PATHS = NO;
				CLANG_ANALYZER_NONNULL = YES;
				CLANG_ANALYZER_NUMBER_OBJECT_CONVERSION = YES_AGGRESSIVE;
				CLANG_CXX_LANGUAGE_STANDARD = "gnu++14";
				CLANG_CXX_LIBRARY = "libc++";
				CLANG_ENABLE_MODULES = YES;
				CLANG_ENABLE_OBJC_ARC = YES;
				CLANG_ENABLE_OBJC_WEAK = YES;
				CLANG_WARN_BLOCK_CAPTURE_AUTORELEASING = YES;
				CLANG_WARN_BOOL_CONVERSION = YES;
				CLANG_WARN_COMMA = YES;
				CLANG_WARN_CONSTANT_CONVERSION = YES;
				CLANG_WARN_DEPRECATED_OBJC_IMPLEMENTATIONS = YES;
				CLANG_WARN_DIRECT_OBJC_ISA_USAGE = YES_ERROR;
				CLANG_WARN_DOCUMENTATION_COMMENTS = YES;
				CLANG_WARN_EMPTY_BODY = YES;
				CLANG_WARN_ENUM_CONVERSION = YES;
				CLANG_WARN_INFINITE_RECURSION = YES;
				CLANG_WARN_INT_CONVERSION = YES;
				CLANG_WARN_NON_LITERAL_NULL_CONVERSION = YES;
				CLANG_WARN_OBJC_IMPLICIT_RETAIN_SELF = YES;
				CLANG_WARN_OBJC_LITERAL_CONVERSION = YES;
				CLANG_WARN_OBJC_ROOT_CLASS = YES_ERROR;
				CLANG_WARN_RANGE_LOOP_ANALYSIS = YES;
				CLANG_WARN_STRICT_PROTOTYPES = YES;
				CLANG_WARN_SUSPICIOUS_MOVE = YES;
				CLANG_WARN_UNGUARDED_AVAILABILITY = YES_AGGRESSIVE;
				CLANG_WARN_UNREACHABLE_CODE = YES;
				CLANG_WARN__DUPLICATE_METHOD_MATCH = YES;
				CODE_SIGN_IDENTITY = "iPhone Developer";
				COPY_PHASE_STRIP = NO;
				DEBUG_INFORMATION_FORMAT = dwarf;
				ENABLE_STRICT_OBJC_MSGSEND = YES;
				ENABLE_TESTABILITY = YES;
				GCC_C_LANGUAGE_STANDARD = gnu11;
				GCC_DYNAMIC_NO_PIC = NO;
				GCC_NO_COMMON_BLOCKS = YES;
				GCC_OPTIMIZATION_LEVEL = 0;
				GCC_PREPROCESSOR_DEFINITIONS = (
					"DEBUG=1",
					"$(inherited)",
				);
				GCC_WARN_64_TO_32_BIT_CONVERSION = YES;
				GCC_WARN_ABOUT_RETURN_TYPE = YES_ERROR;
				GCC_WARN_UNDECLARED_SELECTOR = YES;
				GCC_WARN_UNINITIALIZED_AUTOS = YES_AGGRESSIVE;
				GCC_WARN_UNUSED_FUNCTION = YES;
				GCC_WARN_UNUSED_VARIABLE = YES;
				IPHONEOS_DEPLOYMENT_TARGET = 12.1;
				MTL_ENABLE_DEBUG_INFO = INCLUDE_SOURCE;
				MTL_FAST_MATH = YES;
				ONLY_ACTIVE_ARCH = YES;
				SDKROOT = iphoneos;
			};
			name = Debug;
		};
		2E280DC822149D45008F2D26 /* Release */ = {
			isa = XCBuildConfiguration;
			buildSettings = {
				ALWAYS_SEARCH_USER_PATHS = NO;
				CLANG_ANALYZER_NONNULL = YES;
				CLANG_ANALYZER_NUMBER_OBJECT_CONVERSION = YES_AGGRESSIVE;
				CLANG_CXX_LANGUAGE_STANDARD = "gnu++14";
				CLANG_CXX_LIBRARY = "libc++";
				CLANG_ENABLE_MODULES = YES;
				CLANG_ENABLE_OBJC_ARC = YES;
				CLANG_ENABLE_OBJC_WEAK = YES;
				CLANG_WARN_BLOCK_CAPTURE_AUTORELEASING = YES;
				CLANG_WARN_BOOL_CONVERSION = YES;
				CLANG_WARN_COMMA = YES;
				CLANG_WARN_CONSTANT_CONVERSION = YES;
				CLANG_WARN_DEPRECATED_OBJC_IMPLEMENTATIONS = YES;
				CLANG_WARN_DIRECT_OBJC_ISA_USAGE = YES_ERROR;
				CLANG_WARN_DOCUMENTATION_COMMENTS = YES;
				CLANG_WARN_EMPTY_BODY = YES;
				CLANG_WARN_ENUM_CONVERSION = YES;
				CLANG_WARN_INFINITE_RECURSION = YES;
				CLANG_WARN_INT_CONVERSION = YES;
				CLANG_WARN_NON_LITERAL_NULL_CONVERSION = YES;
				CLANG_WARN_OBJC_IMPLICIT_RETAIN_SELF = YES;
				CLANG_WARN_OBJC_LITERAL_CONVERSION = YES;
				CLANG_WARN_OBJC_ROOT_CLASS = YES_ERROR;
				CLANG_WARN_RANGE_LOOP_ANALYSIS = YES;
				CLANG_WARN_STRICT_PROTOTYPES = YES;
				CLANG_WARN_SUSPICIOUS_MOVE = YES;
				CLANG_WARN_UNGUARDED_AVAILABILITY = YES_AGGRESSIVE;
				CLANG_WARN_UNREACHABLE_CODE = YES;
				CLANG_WARN__DUPLICATE_METHOD_MATCH = YES;
				CODE_SIGN_IDENTITY = "iPhone Developer";
				COPY_PHASE_STRIP = NO;
				DEBUG_INFORMATION_FORMAT = "dwarf-with-dsym";
				ENABLE_NS_ASSERTIONS = NO;
				ENABLE_STRICT_OBJC_MSGSEND = YES;
				GCC_C_LANGUAGE_STANDARD = gnu11;
				GCC_NO_COMMON_BLOCKS = YES;
				GCC_WARN_64_TO_32_BIT_CONVERSION = YES;
				GCC_WARN_ABOUT_RETURN_TYPE = YES_ERROR;
				GCC_WARN_UNDECLARED_SELECTOR = YES;
				GCC_WARN_UNINITIALIZED_AUTOS = YES_AGGRESSIVE;
				GCC_WARN_UNUSED_FUNCTION = YES;
				GCC_WARN_UNUSED_VARIABLE = YES;
				IPHONEOS_DEPLOYMENT_TARGET = 12.1;
				MTL_ENABLE_DEBUG_INFO = NO;
				MTL_FAST_MATH = YES;
				SDKROOT = iphoneos;
				VALIDATE_PRODUCT = YES;
			};
			name = Release;
		};
		2E280DCA22149D45008F2D26 /* Debug */ = {
			isa = XCBuildConfiguration;
			buildSettings = {
				ASSETCATALOG_COMPILER_APPICON_NAME = AppIcon;
				CLANG_ENABLE_MODULES = YES;
				CODE_SIGN_STYLE = Automatic;
				DEVELOPMENT_TEAM = 9DGMQB3935;
				INFOPLIST_FILE = "$(SRCROOT)/ObjC/Resources/Info.plist";
				LD_RUNPATH_SEARCH_PATHS = (
					"$(inherited)",
					"@executable_path/Frameworks",
				);
				PRODUCT_BUNDLE_IDENTIFIER = com.deniztutuncu.ObjC;
				PRODUCT_NAME = "$(TARGET_NAME)";
				SWIFT_OBJC_BRIDGING_HEADER = "ObjC/Controllers/View Controller/ObjC-Bridging-Header.h";
				SWIFT_OPTIMIZATION_LEVEL = "-Onone";
				SWIFT_VERSION = 4.2;
				TARGETED_DEVICE_FAMILY = "1,2";
			};
			name = Debug;
		};
		2E280DCB22149D45008F2D26 /* Release */ = {
			isa = XCBuildConfiguration;
			buildSettings = {
				ASSETCATALOG_COMPILER_APPICON_NAME = AppIcon;
				CLANG_ENABLE_MODULES = YES;
				CODE_SIGN_STYLE = Automatic;
				DEVELOPMENT_TEAM = 9DGMQB3935;
				INFOPLIST_FILE = "$(SRCROOT)/ObjC/Resources/Info.plist";
				LD_RUNPATH_SEARCH_PATHS = (
					"$(inherited)",
					"@executable_path/Frameworks",
				);
				PRODUCT_BUNDLE_IDENTIFIER = com.deniztutuncu.ObjC;
				PRODUCT_NAME = "$(TARGET_NAME)";
				SWIFT_OBJC_BRIDGING_HEADER = "ObjC/Controllers/View Controller/ObjC-Bridging-Header.h";
				SWIFT_VERSION = 4.2;
				TARGETED_DEVICE_FAMILY = "1,2";
			};
			name = Release;
		};
/* End XCBuildConfiguration section */

/* Begin XCConfigurationList section */
		2E280DAE22149D44008F2D26 /* Build configuration list for PBXProject "ObjC" */ = {
			isa = XCConfigurationList;
			buildConfigurations = (
				2E280DC722149D45008F2D26 /* Debug */,
				2E280DC822149D45008F2D26 /* Release */,
			);
			defaultConfigurationIsVisible = 0;
			defaultConfigurationName = Release;
		};
		2E280DC922149D45008F2D26 /* Build configuration list for PBXNativeTarget "ObjC" */ = {
			isa = XCConfigurationList;
			buildConfigurations = (
				2E280DCA22149D45008F2D26 /* Debug */,
				2E280DCB22149D45008F2D26 /* Release */,
			);
			defaultConfigurationIsVisible = 0;
			defaultConfigurationName = Release;
		};
/* End XCConfigurationList section */
	};
	rootObject = 2E280DAB22149D44008F2D26 /* Project object */;
}
